
Microsoft Visual Studio Solution File, Format Version 12.00
# Visual Studio Version 17
VisualStudioVersion = 17.11.35312.102
MinimumVisualStudioVersion = 10.0.40219.1
Project("{2150E333-8FDC-42A3-9474-1A3956D46DE8}") = "Service", "Service", "{F19A3147-E61E-4BAC-AC0D-50A873F80D3B}"
	ProjectSection(SolutionItems) = preProject
		Service\PHost\ParsedPath.cs = Service\PHost\ParsedPath.cs
	EndProjectSection
EndProject
Project("{2150E333-8FDC-42A3-9474-1A3956D46DE8}") = "Library", "Library", "{E42F446F-1A2A-4CA3-BBF2-D0F872D2EAE5}"
EndProject
Project("{2150E333-8FDC-42A3-9474-1A3956D46DE8}") = "DocTools", "DocTools", "{B51AAC98-F919-4215-BA83-4FFFE5CF4919}"
EndProject
Project("{9A19103F-16F7-4668-BE54-9A1E7A4F7556}") = "phost", "Service\PHost\phost.csproj", "{CC56989C-D300-4934-B907-FD60552DD303}"
EndProject
Project("{9A19103F-16F7-4668-BE54-9A1E7A4F7556}") = "annotate", "DocTools\annotate\annotate.csproj", "{06B46BD4-CD7F-4A5F-8515-7326DA52A2F2}"
EndProject
Project("{9A19103F-16F7-4668-BE54-9A1E7A4F7556}") = "bootmaker", "DocTools\bootmaker\bootmaker.csproj", "{7DA2D363-5B08-4669-87B4-FB7DECF342FD}"
EndProject
Project("{9A19103F-16F7-4668-BE54-9A1E7A4F7556}") = "Goedel.Document.Markdown", "DocTools\Goedel.Document.Markdown\Goedel.Document.Markdown.csproj", "{AAE6922A-512C-4E29-9209-9A1C5916E7E2}"
EndProject
Project("{9A19103F-16F7-4668-BE54-9A1E7A4F7556}") = "Goedel.Document.OpenXML", "DocTools\Goedel.Document.OpenXML\Goedel.Document.OpenXML.csproj", "{0A9B990C-A9DD-469F-A7AF-8CED16C3018C}"
EndProject
Project("{9A19103F-16F7-4668-BE54-9A1E7A4F7556}") = "Goedel.Document.RFC", "DocTools\Goedel.Document.RFC\Goedel.Document.RFC.csproj", "{1EF3725A-6751-41F9-93FD-93136659AABE}"
EndProject
Project("{9A19103F-16F7-4668-BE54-9A1E7A4F7556}") = "Goedel.Document.RFCConvert", "DocTools\Goedel.Document.RFCConvert\Goedel.Document.RFCConvert.csproj", "{4D8889A3-9434-4AE8-ACB2-2F1A9E6AE22D}"
EndProject
Project("{9A19103F-16F7-4668-BE54-9A1E7A4F7556}") = "Goedel.Document.RFCSVG", "DocTools\Goedel.Document.RFCSVG\Goedel.Document.RFCSVG.csproj", "{E32557EC-00EF-404F-8AFC-39EB6E655373}"
EndProject
Project("{9A19103F-16F7-4668-BE54-9A1E7A4F7556}") = "rfctool", "DocTools\rfctool\rfctool.csproj", "{3728ECCC-5EBD-4846-92BC-79E4E090AB19}"
EndProject
Project("{9A19103F-16F7-4668-BE54-9A1E7A4F7556}") = "Goedel.Cryptography", "..\mmm\Libraries\Goedel.Cryptography\Goedel.Cryptography.csproj", "{97BB9322-E64E-4AB3-A85C-639DA6AA4699}"
EndProject
Project("{9A19103F-16F7-4668-BE54-9A1E7A4F7556}") = "Goedel.Cryptography.Core", "..\mmm\Libraries\Goedel.Cryptography.Core\Goedel.Cryptography.Core.csproj", "{84F0ACFD-0583-472C-8CDD-A0379098A691}"
EndProject
Project("{9A19103F-16F7-4668-BE54-9A1E7A4F7556}") = "Goedel.Cryptography.Dare", "..\mmm\Libraries\Goedel.Cryptography.Dare\Goedel.Cryptography.Dare.csproj", "{5FAC661A-9D58-4A80-8D4E-8CB49FFA9826}"
EndProject
Project("{9A19103F-16F7-4668-BE54-9A1E7A4F7556}") = "Goedel.Cryptography.Jose", "..\mmm\Libraries\Goedel.Cryptography.Jose\Goedel.Cryptography.Jose.csproj", "{48D2EF72-A85C-41CE-B7D3-6E0B38066F5F}"
EndProject
Project("{9A19103F-16F7-4668-BE54-9A1E7A4F7556}") = "Goedel.Debug", "..\mmm\Libraries\Goedel.Debug\Goedel.Debug.csproj", "{8E86A772-4A4F-4E65-9FBE-5897C94CAB3E}"
EndProject
Project("{9A19103F-16F7-4668-BE54-9A1E7A4F7556}") = "Goedel.Mesh", "..\mmm\Mesh\Goedel.Mesh\Goedel.Mesh.csproj", "{40AB7542-A3E8-4FBA-9BEC-ADF85656479E}"
EndProject
Project("{9A19103F-16F7-4668-BE54-9A1E7A4F7556}") = "Goedel.Mesh.Client", "..\mmm\Mesh\Goedel.Mesh.Client\Goedel.Mesh.Client.csproj", "{0C85CA73-36DD-45BB-8D25-944AC58D87EB}"
EndProject
Project("{9A19103F-16F7-4668-BE54-9A1E7A4F7556}") = "Goedel.Mesh.Core", "..\mmm\Mesh\Goedel.Mesh.Core\Goedel.Mesh.Core.csproj", "{461287F1-854B-4C72-B929-B428B74D1519}"
EndProject
Project("{9A19103F-16F7-4668-BE54-9A1E7A4F7556}") = "Goedel.Mesh.Server", "..\mmm\Mesh\Goedel.Mesh.Server\Goedel.Mesh.Server.csproj", "{038BFFAD-A6B5-45BC-B7CE-74E5352C15A6}"
EndProject
Project("{9A19103F-16F7-4668-BE54-9A1E7A4F7556}") = "Goedel.Protocol.Service", "..\mmm\Libraries\Goedel.Protocol.Service\Goedel.Protocol.Service.csproj", "{41A478CE-A838-4A87-8F2F-51DD9E6A8C8B}"
EndProject
Project("{9A19103F-16F7-4668-BE54-9A1E7A4F7556}") = "Goedel.Test", "..\mmm\Libraries\Goedel.Test\Goedel.Test.csproj", "{400117F2-609A-43E4-A541-CFBD4839671E}"
EndProject
Project("{9A19103F-16F7-4668-BE54-9A1E7A4F7556}") = "Goedel.Protocol", "..\mmm\Libraries\Goedel.Protocol\Goedel.Protocol.csproj", "{6C37D921-6321-4CC9-BEC1-DFD2488A225C}"
EndProject
Project("{2150E333-8FDC-42A3-9474-1A3956D46DE8}") = "Solution Items", "Solution Items", "{14EE114C-5413-4611-B4E5-9B408A392A6F}"
	ProjectSection(SolutionItems) = preProject
		.gitignore = .gitignore
		Settings\BaseSettings.xml = Settings\BaseSettings.xml
		Settings\CommonSettings.xml = Settings\CommonSettings.xml
		Settings\CommonSettingsApplication.xml = Settings\CommonSettingsApplication.xml
		Settings\CommonSettingsExecutable.xml = Settings\CommonSettingsExecutable.xml
		Settings\CommonSettingsFrameworks.xml = Settings\CommonSettingsFrameworks.xml
		Settings\CommonSettingsLinemode.xml = Settings\CommonSettingsLinemode.xml
		Settings\CommonSettingsNoDocs.xml = Settings\CommonSettingsNoDocs.xml
		Settings\CommonSettingsPlatform.xml = Settings\CommonSettingsPlatform.xml
		Settings\CommonSettingsTest.xml = Settings\CommonSettingsTest.xml
		Settings\CommonSettingsWindows.xml = Settings\CommonSettingsWindows.xml
		LICENSE = LICENSE
		Settings\Nuget.xml = Settings\Nuget.xml
		README.md = README.md
		Settings\Version.xml = Settings\Version.xml
	EndProjectSection
EndProject
Project("{9A19103F-16F7-4668-BE54-9A1E7A4F7556}") = "Goedel.Cryptography.Identifiers", "..\mmm\Libraries\Goedel.Cryptography.Identifiers\Goedel.Cryptography.Identifiers.csproj", "{31AB7198-BE2E-4460-84B8-9EAAE6117BE5}"
EndProject
Project("{9A19103F-16F7-4668-BE54-9A1E7A4F7556}") = "Goedel.Cryptography.Nist", "..\mmm\Libraries\Goedel.Cryptography.Nist\Goedel.Cryptography.Nist.csproj", "{C2A530DF-D351-4DD2-8BE0-5C484E9BBAA1}"
EndProject
Project("{9A19103F-16F7-4668-BE54-9A1E7A4F7556}") = "Goedel.IO", "..\mmm\Libraries\Goedel.IO\Goedel.IO.csproj", "{F8A973F8-D0DB-4B59-B3F1-EE62A3984911}"
EndProject
Project("{9A19103F-16F7-4668-BE54-9A1E7A4F7556}") = "Goedel.Utilities", "..\mmm\Libraries\Goedel.Utilities\Goedel.Utilities.csproj", "{78323E86-A5FF-49AC-861E-7DFF0C9077D1}"
EndProject
Project("{9A19103F-16F7-4668-BE54-9A1E7A4F7556}") = "Goedel.Discovery", "..\mmm\Libraries\Goedel.Discovery\Goedel.Discovery.csproj", "{8EA8F326-DEF0-4D5B-9C81-A0D82C1D41B9}"
EndProject
Project("{9A19103F-16F7-4668-BE54-9A1E7A4F7556}") = "Goedel.FSR", "..\mmm\Libraries\Goedel.FSR\Goedel.FSR.csproj", "{B74600F6-6FE3-493D-85C8-378A990D1865}"
EndProject
Project("{9A19103F-16F7-4668-BE54-9A1E7A4F7556}") = "Goedel.Cryptography.KeyFile", "..\mmm\Libraries\Goedel.Cryptography.KeyFile\Goedel.Cryptography.KeyFile.csproj", "{10C72BE3-C0A9-42AF-826E-96ADAA5F3ED3}"
EndProject
Project("{9A19103F-16F7-4668-BE54-9A1E7A4F7556}") = "Goedel.Protocol.Presentation", "..\mmm\Libraries\Goedel.Protocol.Presentation\Goedel.Protocol.Presentation.csproj", "{651CA578-20DB-4E3A-905D-ADEACCE2233F}"
EndProject
Project("{9A19103F-16F7-4668-BE54-9A1E7A4F7556}") = "Goedel.Command", "..\mmm\Libraries\Goedel.Command\Goedel.Command.csproj", "{9E9D38B0-C6E7-4615-8AAD-60A634F62F42}"
EndProject
Project("{9A19103F-16F7-4668-BE54-9A1E7A4F7556}") = "Goedel.Protocol.Web", "..\mmm\Libraries\Goedel.Protocol.Web\Goedel.Protocol.Web.csproj", "{DC698627-5D79-4227-B2E3-D4BFE63230EC}"
EndProject
Project("{9A19103F-16F7-4668-BE54-9A1E7A4F7556}") = "Goedel.Cryptography.Windows", "..\mmm\Libraries\Platforms\Goedel.Cryptography.Windows\Goedel.Cryptography.Windows.csproj", "{B1476072-EF87-41A9-8F0D-FA0757A36DAC}"
EndProject
Project("{2150E333-8FDC-42A3-9474-1A3956D46DE8}") = "Mesh", "Mesh", "{D5F855FD-4AAB-404D-ACBF-F178F0CECE6A}"
EndProject
Project("{2150E333-8FDC-42A3-9474-1A3956D46DE8}") = "Testing", "Testing", "{E5FFD011-58C2-4346-9CCE-60C43398231D}"
EndProject
Project("{9A19103F-16F7-4668-BE54-9A1E7A4F7556}") = "Scratchpad", "Testing\Scratchpad\Scratchpad.csproj", "{F0868ECB-4A0B-46CB-8F55-99E4EE69657D}"
EndProject
Project("{9A19103F-16F7-4668-BE54-9A1E7A4F7556}") = "TestCookies", "Testing\TestCookies\TestCookies.csproj", "{A231D7DA-DB9A-4840-9DF1-1C3426605DB7}"
EndProject
Project("{9A19103F-16F7-4668-BE54-9A1E7A4F7556}") = "Goedel.Palimpsest", "Service\Goedel.Palimpsest\Goedel.Palimpsest.csproj", "{329917E2-E47C-4E15-8169-3040852F1167}"
EndProject
Project("{9A19103F-16F7-4668-BE54-9A1E7A4F7556}") = "Goedel.Registry", "..\mmm\Libraries\Goedel.Registry\Goedel.Registry.csproj", "{74466D30-0264-4EC3-9120-D1A5926C539D}"
EndProject
Project("{2150E333-8FDC-42A3-9474-1A3956D46DE8}") = "Resources", "Resources", "{9B3543F1-F525-44F6-BA85-B7BEB78E9B00}"
	ProjectSection(SolutionItems) = preProject
		Resources\annotate.js = Resources\annotate.js
		Resources\favicon.png = Resources\favicon.png
		Resources\ietf.svg = Resources\ietf.svg
		Resources\stylesheet.css = Resources\stylesheet.css
	EndProjectSection
EndProject
Project("{9A19103F-16F7-4668-BE54-9A1E7A4F7556}") = "Goedel.Cryptography.Oauth", "..\mmm\Libraries\Goedel.Cryptography.Oauth\Goedel.Cryptography.Oauth.csproj", "{28E25F95-F503-4FEF-8738-C37BA2E1BE31}"
EndProject
Project("{9A19103F-16F7-4668-BE54-9A1E7A4F7556}") = "Test.Cryptography.Oauth", "..\mmm\Testing\Test.Cryptography.Oauth\Test.Cryptography.Oauth.csproj", "{F7AB41CE-BAA3-4115-8F6B-5C67A55F5F6B}"
EndProject
Project("{FAE04EC0-301F-11D3-BF4B-00C04F79EFBC}") = "Goedel.Serialization", "..\mmm\Libraries\Goedel.Serialization\Goedel.Serialization.csproj", "{D35695B3-5BC7-4A80-83F4-912D132575D9}"
EndProject
Global
	GlobalSection(SolutionConfigurationPlatforms) = preSolution
		Debug|Any CPU = Debug|Any CPU
		Github|Any CPU = Github|Any CPU
		Release|Any CPU = Release|Any CPU
		Sandcastle|Any CPU = Sandcastle|Any CPU
		Yaschema|Any CPU = Yaschema|Any CPU
	EndGlobalSection
	GlobalSection(ProjectConfigurationPlatforms) = postSolution
		{CC56989C-D300-4934-B907-FD60552DD303}.Debug|Any CPU.ActiveCfg = Debug|Any CPU
		{CC56989C-D300-4934-B907-FD60552DD303}.Debug|Any CPU.Build.0 = Debug|Any CPU
		{CC56989C-D300-4934-B907-FD60552DD303}.Github|Any CPU.ActiveCfg = Release|Any CPU
		{CC56989C-D300-4934-B907-FD60552DD303}.Github|Any CPU.Build.0 = Release|Any CPU
		{CC56989C-D300-4934-B907-FD60552DD303}.Release|Any CPU.ActiveCfg = Release|Any CPU
		{CC56989C-D300-4934-B907-FD60552DD303}.Release|Any CPU.Build.0 = Release|Any CPU
		{CC56989C-D300-4934-B907-FD60552DD303}.Sandcastle|Any CPU.ActiveCfg = Release|Any CPU
		{CC56989C-D300-4934-B907-FD60552DD303}.Sandcastle|Any CPU.Build.0 = Release|Any CPU
		{CC56989C-D300-4934-B907-FD60552DD303}.Yaschema|Any CPU.ActiveCfg = Release|Any CPU
		{CC56989C-D300-4934-B907-FD60552DD303}.Yaschema|Any CPU.Build.0 = Release|Any CPU
		{06B46BD4-CD7F-4A5F-8515-7326DA52A2F2}.Debug|Any CPU.ActiveCfg = Debug|Any CPU
		{06B46BD4-CD7F-4A5F-8515-7326DA52A2F2}.Debug|Any CPU.Build.0 = Debug|Any CPU
		{06B46BD4-CD7F-4A5F-8515-7326DA52A2F2}.Github|Any CPU.ActiveCfg = Release|Any CPU
		{06B46BD4-CD7F-4A5F-8515-7326DA52A2F2}.Github|Any CPU.Build.0 = Release|Any CPU
		{06B46BD4-CD7F-4A5F-8515-7326DA52A2F2}.Release|Any CPU.ActiveCfg = Release|Any CPU
		{06B46BD4-CD7F-4A5F-8515-7326DA52A2F2}.Release|Any CPU.Build.0 = Release|Any CPU
		{06B46BD4-CD7F-4A5F-8515-7326DA52A2F2}.Sandcastle|Any CPU.ActiveCfg = Release|Any CPU
		{06B46BD4-CD7F-4A5F-8515-7326DA52A2F2}.Sandcastle|Any CPU.Build.0 = Release|Any CPU
		{06B46BD4-CD7F-4A5F-8515-7326DA52A2F2}.Yaschema|Any CPU.ActiveCfg = Sandcastle|Any CPU
		{06B46BD4-CD7F-4A5F-8515-7326DA52A2F2}.Yaschema|Any CPU.Build.0 = Sandcastle|Any CPU
		{7DA2D363-5B08-4669-87B4-FB7DECF342FD}.Debug|Any CPU.ActiveCfg = Debug|Any CPU
		{7DA2D363-5B08-4669-87B4-FB7DECF342FD}.Debug|Any CPU.Build.0 = Debug|Any CPU
		{7DA2D363-5B08-4669-87B4-FB7DECF342FD}.Github|Any CPU.ActiveCfg = Release|Any CPU
		{7DA2D363-5B08-4669-87B4-FB7DECF342FD}.Github|Any CPU.Build.0 = Release|Any CPU
		{7DA2D363-5B08-4669-87B4-FB7DECF342FD}.Release|Any CPU.ActiveCfg = Release|Any CPU
		{7DA2D363-5B08-4669-87B4-FB7DECF342FD}.Release|Any CPU.Build.0 = Release|Any CPU
		{7DA2D363-5B08-4669-87B4-FB7DECF342FD}.Sandcastle|Any CPU.ActiveCfg = Release|Any CPU
		{7DA2D363-5B08-4669-87B4-FB7DECF342FD}.Sandcastle|Any CPU.Build.0 = Release|Any CPU
		{7DA2D363-5B08-4669-87B4-FB7DECF342FD}.Yaschema|Any CPU.ActiveCfg = Sandcastle|Any CPU
		{7DA2D363-5B08-4669-87B4-FB7DECF342FD}.Yaschema|Any CPU.Build.0 = Sandcastle|Any CPU
		{AAE6922A-512C-4E29-9209-9A1C5916E7E2}.Debug|Any CPU.ActiveCfg = Debug|Any CPU
		{AAE6922A-512C-4E29-9209-9A1C5916E7E2}.Debug|Any CPU.Build.0 = Debug|Any CPU
		{AAE6922A-512C-4E29-9209-9A1C5916E7E2}.Github|Any CPU.ActiveCfg = Release|Any CPU
		{AAE6922A-512C-4E29-9209-9A1C5916E7E2}.Github|Any CPU.Build.0 = Release|Any CPU
		{AAE6922A-512C-4E29-9209-9A1C5916E7E2}.Release|Any CPU.ActiveCfg = Release|Any CPU
		{AAE6922A-512C-4E29-9209-9A1C5916E7E2}.Release|Any CPU.Build.0 = Release|Any CPU
		{AAE6922A-512C-4E29-9209-9A1C5916E7E2}.Sandcastle|Any CPU.ActiveCfg = Release|Any CPU
		{AAE6922A-512C-4E29-9209-9A1C5916E7E2}.Sandcastle|Any CPU.Build.0 = Release|Any CPU
		{AAE6922A-512C-4E29-9209-9A1C5916E7E2}.Yaschema|Any CPU.ActiveCfg = Sandcastle|Any CPU
		{AAE6922A-512C-4E29-9209-9A1C5916E7E2}.Yaschema|Any CPU.Build.0 = Sandcastle|Any CPU
		{0A9B990C-A9DD-469F-A7AF-8CED16C3018C}.Debug|Any CPU.ActiveCfg = Debug|Any CPU
		{0A9B990C-A9DD-469F-A7AF-8CED16C3018C}.Debug|Any CPU.Build.0 = Debug|Any CPU
		{0A9B990C-A9DD-469F-A7AF-8CED16C3018C}.Github|Any CPU.ActiveCfg = Release|Any CPU
		{0A9B990C-A9DD-469F-A7AF-8CED16C3018C}.Github|Any CPU.Build.0 = Release|Any CPU
		{0A9B990C-A9DD-469F-A7AF-8CED16C3018C}.Release|Any CPU.ActiveCfg = Release|Any CPU
		{0A9B990C-A9DD-469F-A7AF-8CED16C3018C}.Release|Any CPU.Build.0 = Release|Any CPU
		{0A9B990C-A9DD-469F-A7AF-8CED16C3018C}.Sandcastle|Any CPU.ActiveCfg = Release|Any CPU
		{0A9B990C-A9DD-469F-A7AF-8CED16C3018C}.Sandcastle|Any CPU.Build.0 = Release|Any CPU
		{0A9B990C-A9DD-469F-A7AF-8CED16C3018C}.Yaschema|Any CPU.ActiveCfg = Sandcastle|Any CPU
		{0A9B990C-A9DD-469F-A7AF-8CED16C3018C}.Yaschema|Any CPU.Build.0 = Sandcastle|Any CPU
		{1EF3725A-6751-41F9-93FD-93136659AABE}.Debug|Any CPU.ActiveCfg = Debug|Any CPU
		{1EF3725A-6751-41F9-93FD-93136659AABE}.Debug|Any CPU.Build.0 = Debug|Any CPU
		{1EF3725A-6751-41F9-93FD-93136659AABE}.Github|Any CPU.ActiveCfg = Release|Any CPU
		{1EF3725A-6751-41F9-93FD-93136659AABE}.Github|Any CPU.Build.0 = Release|Any CPU
		{1EF3725A-6751-41F9-93FD-93136659AABE}.Release|Any CPU.ActiveCfg = Release|Any CPU
		{1EF3725A-6751-41F9-93FD-93136659AABE}.Release|Any CPU.Build.0 = Release|Any CPU
		{1EF3725A-6751-41F9-93FD-93136659AABE}.Sandcastle|Any CPU.ActiveCfg = Release|Any CPU
		{1EF3725A-6751-41F9-93FD-93136659AABE}.Sandcastle|Any CPU.Build.0 = Release|Any CPU
		{1EF3725A-6751-41F9-93FD-93136659AABE}.Yaschema|Any CPU.ActiveCfg = Sandcastle|Any CPU
		{1EF3725A-6751-41F9-93FD-93136659AABE}.Yaschema|Any CPU.Build.0 = Sandcastle|Any CPU
		{4D8889A3-9434-4AE8-ACB2-2F1A9E6AE22D}.Debug|Any CPU.ActiveCfg = Debug|Any CPU
		{4D8889A3-9434-4AE8-ACB2-2F1A9E6AE22D}.Debug|Any CPU.Build.0 = Debug|Any CPU
		{4D8889A3-9434-4AE8-ACB2-2F1A9E6AE22D}.Github|Any CPU.ActiveCfg = Release|Any CPU
		{4D8889A3-9434-4AE8-ACB2-2F1A9E6AE22D}.Github|Any CPU.Build.0 = Release|Any CPU
		{4D8889A3-9434-4AE8-ACB2-2F1A9E6AE22D}.Release|Any CPU.ActiveCfg = Release|Any CPU
		{4D8889A3-9434-4AE8-ACB2-2F1A9E6AE22D}.Release|Any CPU.Build.0 = Release|Any CPU
		{4D8889A3-9434-4AE8-ACB2-2F1A9E6AE22D}.Sandcastle|Any CPU.ActiveCfg = Release|Any CPU
		{4D8889A3-9434-4AE8-ACB2-2F1A9E6AE22D}.Sandcastle|Any CPU.Build.0 = Release|Any CPU
		{4D8889A3-9434-4AE8-ACB2-2F1A9E6AE22D}.Yaschema|Any CPU.ActiveCfg = Sandcastle|Any CPU
		{4D8889A3-9434-4AE8-ACB2-2F1A9E6AE22D}.Yaschema|Any CPU.Build.0 = Sandcastle|Any CPU
		{E32557EC-00EF-404F-8AFC-39EB6E655373}.Debug|Any CPU.ActiveCfg = Debug|Any CPU
		{E32557EC-00EF-404F-8AFC-39EB6E655373}.Debug|Any CPU.Build.0 = Debug|Any CPU
		{E32557EC-00EF-404F-8AFC-39EB6E655373}.Github|Any CPU.ActiveCfg = Release|Any CPU
		{E32557EC-00EF-404F-8AFC-39EB6E655373}.Github|Any CPU.Build.0 = Release|Any CPU
		{E32557EC-00EF-404F-8AFC-39EB6E655373}.Release|Any CPU.ActiveCfg = Release|Any CPU
		{E32557EC-00EF-404F-8AFC-39EB6E655373}.Release|Any CPU.Build.0 = Release|Any CPU
		{E32557EC-00EF-404F-8AFC-39EB6E655373}.Sandcastle|Any CPU.ActiveCfg = Release|Any CPU
		{E32557EC-00EF-404F-8AFC-39EB6E655373}.Sandcastle|Any CPU.Build.0 = Release|Any CPU
		{E32557EC-00EF-404F-8AFC-39EB6E655373}.Yaschema|Any CPU.ActiveCfg = Sandcastle|Any CPU
		{E32557EC-00EF-404F-8AFC-39EB6E655373}.Yaschema|Any CPU.Build.0 = Sandcastle|Any CPU
		{3728ECCC-5EBD-4846-92BC-79E4E090AB19}.Debug|Any CPU.ActiveCfg = Debug|Any CPU
		{3728ECCC-5EBD-4846-92BC-79E4E090AB19}.Debug|Any CPU.Build.0 = Debug|Any CPU
		{3728ECCC-5EBD-4846-92BC-79E4E090AB19}.Github|Any CPU.ActiveCfg = Release|Any CPU
		{3728ECCC-5EBD-4846-92BC-79E4E090AB19}.Github|Any CPU.Build.0 = Release|Any CPU
		{3728ECCC-5EBD-4846-92BC-79E4E090AB19}.Release|Any CPU.ActiveCfg = Release|Any CPU
		{3728ECCC-5EBD-4846-92BC-79E4E090AB19}.Release|Any CPU.Build.0 = Release|Any CPU
		{3728ECCC-5EBD-4846-92BC-79E4E090AB19}.Sandcastle|Any CPU.ActiveCfg = Release|Any CPU
		{3728ECCC-5EBD-4846-92BC-79E4E090AB19}.Sandcastle|Any CPU.Build.0 = Release|Any CPU
		{3728ECCC-5EBD-4846-92BC-79E4E090AB19}.Yaschema|Any CPU.ActiveCfg = Sandcastle|Any CPU
		{3728ECCC-5EBD-4846-92BC-79E4E090AB19}.Yaschema|Any CPU.Build.0 = Sandcastle|Any CPU
		{97BB9322-E64E-4AB3-A85C-639DA6AA4699}.Debug|Any CPU.ActiveCfg = Debug|Any CPU
		{97BB9322-E64E-4AB3-A85C-639DA6AA4699}.Debug|Any CPU.Build.0 = Debug|Any CPU
		{97BB9322-E64E-4AB3-A85C-639DA6AA4699}.Github|Any CPU.ActiveCfg = Debug|Any CPU
		{97BB9322-E64E-4AB3-A85C-639DA6AA4699}.Github|Any CPU.Build.0 = Debug|Any CPU
		{97BB9322-E64E-4AB3-A85C-639DA6AA4699}.Release|Any CPU.ActiveCfg = Release|Any CPU
		{97BB9322-E64E-4AB3-A85C-639DA6AA4699}.Release|Any CPU.Build.0 = Release|Any CPU
		{97BB9322-E64E-4AB3-A85C-639DA6AA4699}.Sandcastle|Any CPU.ActiveCfg = Debug|Any CPU
		{97BB9322-E64E-4AB3-A85C-639DA6AA4699}.Sandcastle|Any CPU.Build.0 = Debug|Any CPU
		{97BB9322-E64E-4AB3-A85C-639DA6AA4699}.Yaschema|Any CPU.ActiveCfg = Sandcastle|Any CPU
		{97BB9322-E64E-4AB3-A85C-639DA6AA4699}.Yaschema|Any CPU.Build.0 = Sandcastle|Any CPU
		{84F0ACFD-0583-472C-8CDD-A0379098A691}.Debug|Any CPU.ActiveCfg = Debug|Any CPU
		{84F0ACFD-0583-472C-8CDD-A0379098A691}.Debug|Any CPU.Build.0 = Debug|Any CPU
		{84F0ACFD-0583-472C-8CDD-A0379098A691}.Github|Any CPU.ActiveCfg = Debug|Any CPU
		{84F0ACFD-0583-472C-8CDD-A0379098A691}.Github|Any CPU.Build.0 = Debug|Any CPU
		{84F0ACFD-0583-472C-8CDD-A0379098A691}.Release|Any CPU.ActiveCfg = Release|Any CPU
		{84F0ACFD-0583-472C-8CDD-A0379098A691}.Release|Any CPU.Build.0 = Release|Any CPU
		{84F0ACFD-0583-472C-8CDD-A0379098A691}.Sandcastle|Any CPU.ActiveCfg = Debug|Any CPU
		{84F0ACFD-0583-472C-8CDD-A0379098A691}.Sandcastle|Any CPU.Build.0 = Debug|Any CPU
		{84F0ACFD-0583-472C-8CDD-A0379098A691}.Yaschema|Any CPU.ActiveCfg = Sandcastle|Any CPU
		{84F0ACFD-0583-472C-8CDD-A0379098A691}.Yaschema|Any CPU.Build.0 = Sandcastle|Any CPU
		{5FAC661A-9D58-4A80-8D4E-8CB49FFA9826}.Debug|Any CPU.ActiveCfg = Debug|Any CPU
		{5FAC661A-9D58-4A80-8D4E-8CB49FFA9826}.Debug|Any CPU.Build.0 = Debug|Any CPU
		{5FAC661A-9D58-4A80-8D4E-8CB49FFA9826}.Github|Any CPU.ActiveCfg = Debug|Any CPU
		{5FAC661A-9D58-4A80-8D4E-8CB49FFA9826}.Github|Any CPU.Build.0 = Debug|Any CPU
		{5FAC661A-9D58-4A80-8D4E-8CB49FFA9826}.Release|Any CPU.ActiveCfg = Release|Any CPU
		{5FAC661A-9D58-4A80-8D4E-8CB49FFA9826}.Release|Any CPU.Build.0 = Release|Any CPU
		{5FAC661A-9D58-4A80-8D4E-8CB49FFA9826}.Sandcastle|Any CPU.ActiveCfg = Debug|Any CPU
		{5FAC661A-9D58-4A80-8D4E-8CB49FFA9826}.Sandcastle|Any CPU.Build.0 = Debug|Any CPU
		{5FAC661A-9D58-4A80-8D4E-8CB49FFA9826}.Yaschema|Any CPU.ActiveCfg = Sandcastle|Any CPU
		{5FAC661A-9D58-4A80-8D4E-8CB49FFA9826}.Yaschema|Any CPU.Build.0 = Sandcastle|Any CPU
		{48D2EF72-A85C-41CE-B7D3-6E0B38066F5F}.Debug|Any CPU.ActiveCfg = Debug|Any CPU
		{48D2EF72-A85C-41CE-B7D3-6E0B38066F5F}.Debug|Any CPU.Build.0 = Debug|Any CPU
		{48D2EF72-A85C-41CE-B7D3-6E0B38066F5F}.Github|Any CPU.ActiveCfg = Debug|Any CPU
		{48D2EF72-A85C-41CE-B7D3-6E0B38066F5F}.Github|Any CPU.Build.0 = Debug|Any CPU
		{48D2EF72-A85C-41CE-B7D3-6E0B38066F5F}.Release|Any CPU.ActiveCfg = Release|Any CPU
		{48D2EF72-A85C-41CE-B7D3-6E0B38066F5F}.Release|Any CPU.Build.0 = Release|Any CPU
		{48D2EF72-A85C-41CE-B7D3-6E0B38066F5F}.Sandcastle|Any CPU.ActiveCfg = Debug|Any CPU
		{48D2EF72-A85C-41CE-B7D3-6E0B38066F5F}.Sandcastle|Any CPU.Build.0 = Debug|Any CPU
		{48D2EF72-A85C-41CE-B7D3-6E0B38066F5F}.Yaschema|Any CPU.ActiveCfg = Sandcastle|Any CPU
		{48D2EF72-A85C-41CE-B7D3-6E0B38066F5F}.Yaschema|Any CPU.Build.0 = Sandcastle|Any CPU
		{8E86A772-4A4F-4E65-9FBE-5897C94CAB3E}.Debug|Any CPU.ActiveCfg = Debug|Any CPU
		{8E86A772-4A4F-4E65-9FBE-5897C94CAB3E}.Debug|Any CPU.Build.0 = Debug|Any CPU
		{8E86A772-4A4F-4E65-9FBE-5897C94CAB3E}.Github|Any CPU.ActiveCfg = Debug|Any CPU
		{8E86A772-4A4F-4E65-9FBE-5897C94CAB3E}.Github|Any CPU.Build.0 = Debug|Any CPU
		{8E86A772-4A4F-4E65-9FBE-5897C94CAB3E}.Release|Any CPU.ActiveCfg = Release|Any CPU
		{8E86A772-4A4F-4E65-9FBE-5897C94CAB3E}.Release|Any CPU.Build.0 = Release|Any CPU
		{8E86A772-4A4F-4E65-9FBE-5897C94CAB3E}.Sandcastle|Any CPU.ActiveCfg = Debug|Any CPU
		{8E86A772-4A4F-4E65-9FBE-5897C94CAB3E}.Sandcastle|Any CPU.Build.0 = Debug|Any CPU
		{8E86A772-4A4F-4E65-9FBE-5897C94CAB3E}.Yaschema|Any CPU.ActiveCfg = Sandcastle|Any CPU
		{8E86A772-4A4F-4E65-9FBE-5897C94CAB3E}.Yaschema|Any CPU.Build.0 = Sandcastle|Any CPU
		{40AB7542-A3E8-4FBA-9BEC-ADF85656479E}.Debug|Any CPU.ActiveCfg = Debug|Any CPU
		{40AB7542-A3E8-4FBA-9BEC-ADF85656479E}.Debug|Any CPU.Build.0 = Debug|Any CPU
		{40AB7542-A3E8-4FBA-9BEC-ADF85656479E}.Github|Any CPU.ActiveCfg = Debug|Any CPU
		{40AB7542-A3E8-4FBA-9BEC-ADF85656479E}.Github|Any CPU.Build.0 = Debug|Any CPU
		{40AB7542-A3E8-4FBA-9BEC-ADF85656479E}.Release|Any CPU.ActiveCfg = Release|Any CPU
		{40AB7542-A3E8-4FBA-9BEC-ADF85656479E}.Release|Any CPU.Build.0 = Release|Any CPU
		{40AB7542-A3E8-4FBA-9BEC-ADF85656479E}.Sandcastle|Any CPU.ActiveCfg = Debug|Any CPU
		{40AB7542-A3E8-4FBA-9BEC-ADF85656479E}.Sandcastle|Any CPU.Build.0 = Debug|Any CPU
		{40AB7542-A3E8-4FBA-9BEC-ADF85656479E}.Yaschema|Any CPU.ActiveCfg = Sandcastle|Any CPU
		{40AB7542-A3E8-4FBA-9BEC-ADF85656479E}.Yaschema|Any CPU.Build.0 = Sandcastle|Any CPU
		{0C85CA73-36DD-45BB-8D25-944AC58D87EB}.Debug|Any CPU.ActiveCfg = Debug|Any CPU
		{0C85CA73-36DD-45BB-8D25-944AC58D87EB}.Debug|Any CPU.Build.0 = Debug|Any CPU
		{0C85CA73-36DD-45BB-8D25-944AC58D87EB}.Github|Any CPU.ActiveCfg = Debug|Any CPU
		{0C85CA73-36DD-45BB-8D25-944AC58D87EB}.Github|Any CPU.Build.0 = Debug|Any CPU
		{0C85CA73-36DD-45BB-8D25-944AC58D87EB}.Release|Any CPU.ActiveCfg = Release|Any CPU
		{0C85CA73-36DD-45BB-8D25-944AC58D87EB}.Release|Any CPU.Build.0 = Release|Any CPU
		{0C85CA73-36DD-45BB-8D25-944AC58D87EB}.Sandcastle|Any CPU.ActiveCfg = Debug|Any CPU
		{0C85CA73-36DD-45BB-8D25-944AC58D87EB}.Sandcastle|Any CPU.Build.0 = Debug|Any CPU
		{0C85CA73-36DD-45BB-8D25-944AC58D87EB}.Yaschema|Any CPU.ActiveCfg = Sandcastle|Any CPU
		{0C85CA73-36DD-45BB-8D25-944AC58D87EB}.Yaschema|Any CPU.Build.0 = Sandcastle|Any CPU
		{461287F1-854B-4C72-B929-B428B74D1519}.Debug|Any CPU.ActiveCfg = Debug|Any CPU
		{461287F1-854B-4C72-B929-B428B74D1519}.Debug|Any CPU.Build.0 = Debug|Any CPU
		{461287F1-854B-4C72-B929-B428B74D1519}.Github|Any CPU.ActiveCfg = Debug|Any CPU
		{461287F1-854B-4C72-B929-B428B74D1519}.Github|Any CPU.Build.0 = Debug|Any CPU
		{461287F1-854B-4C72-B929-B428B74D1519}.Release|Any CPU.ActiveCfg = Release|Any CPU
		{461287F1-854B-4C72-B929-B428B74D1519}.Release|Any CPU.Build.0 = Release|Any CPU
		{461287F1-854B-4C72-B929-B428B74D1519}.Sandcastle|Any CPU.ActiveCfg = Debug|Any CPU
		{461287F1-854B-4C72-B929-B428B74D1519}.Sandcastle|Any CPU.Build.0 = Debug|Any CPU
		{461287F1-854B-4C72-B929-B428B74D1519}.Yaschema|Any CPU.ActiveCfg = Sandcastle|Any CPU
		{461287F1-854B-4C72-B929-B428B74D1519}.Yaschema|Any CPU.Build.0 = Sandcastle|Any CPU
		{038BFFAD-A6B5-45BC-B7CE-74E5352C15A6}.Debug|Any CPU.ActiveCfg = Debug|Any CPU
		{038BFFAD-A6B5-45BC-B7CE-74E5352C15A6}.Debug|Any CPU.Build.0 = Debug|Any CPU
		{038BFFAD-A6B5-45BC-B7CE-74E5352C15A6}.Github|Any CPU.ActiveCfg = Debug|Any CPU
		{038BFFAD-A6B5-45BC-B7CE-74E5352C15A6}.Github|Any CPU.Build.0 = Debug|Any CPU
		{038BFFAD-A6B5-45BC-B7CE-74E5352C15A6}.Release|Any CPU.ActiveCfg = Release|Any CPU
		{038BFFAD-A6B5-45BC-B7CE-74E5352C15A6}.Release|Any CPU.Build.0 = Release|Any CPU
		{038BFFAD-A6B5-45BC-B7CE-74E5352C15A6}.Sandcastle|Any CPU.ActiveCfg = Debug|Any CPU
		{038BFFAD-A6B5-45BC-B7CE-74E5352C15A6}.Sandcastle|Any CPU.Build.0 = Debug|Any CPU
		{038BFFAD-A6B5-45BC-B7CE-74E5352C15A6}.Yaschema|Any CPU.ActiveCfg = Sandcastle|Any CPU
		{038BFFAD-A6B5-45BC-B7CE-74E5352C15A6}.Yaschema|Any CPU.Build.0 = Sandcastle|Any CPU
		{41A478CE-A838-4A87-8F2F-51DD9E6A8C8B}.Debug|Any CPU.ActiveCfg = Debug|Any CPU
		{41A478CE-A838-4A87-8F2F-51DD9E6A8C8B}.Debug|Any CPU.Build.0 = Debug|Any CPU
		{41A478CE-A838-4A87-8F2F-51DD9E6A8C8B}.Github|Any CPU.ActiveCfg = Debug|Any CPU
		{41A478CE-A838-4A87-8F2F-51DD9E6A8C8B}.Github|Any CPU.Build.0 = Debug|Any CPU
		{41A478CE-A838-4A87-8F2F-51DD9E6A8C8B}.Release|Any CPU.ActiveCfg = Release|Any CPU
		{41A478CE-A838-4A87-8F2F-51DD9E6A8C8B}.Release|Any CPU.Build.0 = Release|Any CPU
		{41A478CE-A838-4A87-8F2F-51DD9E6A8C8B}.Sandcastle|Any CPU.ActiveCfg = Debug|Any CPU
		{41A478CE-A838-4A87-8F2F-51DD9E6A8C8B}.Sandcastle|Any CPU.Build.0 = Debug|Any CPU
		{41A478CE-A838-4A87-8F2F-51DD9E6A8C8B}.Yaschema|Any CPU.ActiveCfg = Sandcastle|Any CPU
		{41A478CE-A838-4A87-8F2F-51DD9E6A8C8B}.Yaschema|Any CPU.Build.0 = Sandcastle|Any CPU
		{400117F2-609A-43E4-A541-CFBD4839671E}.Debug|Any CPU.ActiveCfg = Debug|Any CPU
		{400117F2-609A-43E4-A541-CFBD4839671E}.Debug|Any CPU.Build.0 = Debug|Any CPU
		{400117F2-609A-43E4-A541-CFBD4839671E}.Github|Any CPU.ActiveCfg = Debug|Any CPU
		{400117F2-609A-43E4-A541-CFBD4839671E}.Github|Any CPU.Build.0 = Debug|Any CPU
		{400117F2-609A-43E4-A541-CFBD4839671E}.Release|Any CPU.ActiveCfg = Release|Any CPU
		{400117F2-609A-43E4-A541-CFBD4839671E}.Release|Any CPU.Build.0 = Release|Any CPU
		{400117F2-609A-43E4-A541-CFBD4839671E}.Sandcastle|Any CPU.ActiveCfg = Debug|Any CPU
		{400117F2-609A-43E4-A541-CFBD4839671E}.Sandcastle|Any CPU.Build.0 = Debug|Any CPU
		{400117F2-609A-43E4-A541-CFBD4839671E}.Yaschema|Any CPU.ActiveCfg = Sandcastle|Any CPU
		{400117F2-609A-43E4-A541-CFBD4839671E}.Yaschema|Any CPU.Build.0 = Sandcastle|Any CPU
		{6C37D921-6321-4CC9-BEC1-DFD2488A225C}.Debug|Any CPU.ActiveCfg = Debug|Any CPU
		{6C37D921-6321-4CC9-BEC1-DFD2488A225C}.Debug|Any CPU.Build.0 = Debug|Any CPU
		{6C37D921-6321-4CC9-BEC1-DFD2488A225C}.Github|Any CPU.ActiveCfg = Debug|Any CPU
		{6C37D921-6321-4CC9-BEC1-DFD2488A225C}.Github|Any CPU.Build.0 = Debug|Any CPU
		{6C37D921-6321-4CC9-BEC1-DFD2488A225C}.Release|Any CPU.ActiveCfg = Release|Any CPU
		{6C37D921-6321-4CC9-BEC1-DFD2488A225C}.Release|Any CPU.Build.0 = Release|Any CPU
		{6C37D921-6321-4CC9-BEC1-DFD2488A225C}.Sandcastle|Any CPU.ActiveCfg = Debug|Any CPU
		{6C37D921-6321-4CC9-BEC1-DFD2488A225C}.Sandcastle|Any CPU.Build.0 = Debug|Any CPU
		{6C37D921-6321-4CC9-BEC1-DFD2488A225C}.Yaschema|Any CPU.ActiveCfg = Sandcastle|Any CPU
		{6C37D921-6321-4CC9-BEC1-DFD2488A225C}.Yaschema|Any CPU.Build.0 = Sandcastle|Any CPU
		{31AB7198-BE2E-4460-84B8-9EAAE6117BE5}.Debug|Any CPU.ActiveCfg = Debug|Any CPU
		{31AB7198-BE2E-4460-84B8-9EAAE6117BE5}.Debug|Any CPU.Build.0 = Debug|Any CPU
		{31AB7198-BE2E-4460-84B8-9EAAE6117BE5}.Github|Any CPU.ActiveCfg = Github|Any CPU
		{31AB7198-BE2E-4460-84B8-9EAAE6117BE5}.Github|Any CPU.Build.0 = Github|Any CPU
		{31AB7198-BE2E-4460-84B8-9EAAE6117BE5}.Release|Any CPU.ActiveCfg = Release|Any CPU
		{31AB7198-BE2E-4460-84B8-9EAAE6117BE5}.Release|Any CPU.Build.0 = Release|Any CPU
		{31AB7198-BE2E-4460-84B8-9EAAE6117BE5}.Sandcastle|Any CPU.ActiveCfg = Sandcastle|Any CPU
		{31AB7198-BE2E-4460-84B8-9EAAE6117BE5}.Sandcastle|Any CPU.Build.0 = Sandcastle|Any CPU
		{31AB7198-BE2E-4460-84B8-9EAAE6117BE5}.Yaschema|Any CPU.ActiveCfg = Sandcastle|Any CPU
		{31AB7198-BE2E-4460-84B8-9EAAE6117BE5}.Yaschema|Any CPU.Build.0 = Sandcastle|Any CPU
		{C2A530DF-D351-4DD2-8BE0-5C484E9BBAA1}.Debug|Any CPU.ActiveCfg = Debug|Any CPU
		{C2A530DF-D351-4DD2-8BE0-5C484E9BBAA1}.Debug|Any CPU.Build.0 = Debug|Any CPU
		{C2A530DF-D351-4DD2-8BE0-5C484E9BBAA1}.Github|Any CPU.ActiveCfg = Github|Any CPU
		{C2A530DF-D351-4DD2-8BE0-5C484E9BBAA1}.Github|Any CPU.Build.0 = Github|Any CPU
		{C2A530DF-D351-4DD2-8BE0-5C484E9BBAA1}.Release|Any CPU.ActiveCfg = Release|Any CPU
		{C2A530DF-D351-4DD2-8BE0-5C484E9BBAA1}.Release|Any CPU.Build.0 = Release|Any CPU
		{C2A530DF-D351-4DD2-8BE0-5C484E9BBAA1}.Sandcastle|Any CPU.ActiveCfg = Sandcastle|Any CPU
		{C2A530DF-D351-4DD2-8BE0-5C484E9BBAA1}.Sandcastle|Any CPU.Build.0 = Sandcastle|Any CPU
		{C2A530DF-D351-4DD2-8BE0-5C484E9BBAA1}.Yaschema|Any CPU.ActiveCfg = Sandcastle|Any CPU
		{C2A530DF-D351-4DD2-8BE0-5C484E9BBAA1}.Yaschema|Any CPU.Build.0 = Sandcastle|Any CPU
		{F8A973F8-D0DB-4B59-B3F1-EE62A3984911}.Debug|Any CPU.ActiveCfg = Debug|Any CPU
		{F8A973F8-D0DB-4B59-B3F1-EE62A3984911}.Debug|Any CPU.Build.0 = Debug|Any CPU
		{F8A973F8-D0DB-4B59-B3F1-EE62A3984911}.Github|Any CPU.ActiveCfg = Github|Any CPU
		{F8A973F8-D0DB-4B59-B3F1-EE62A3984911}.Github|Any CPU.Build.0 = Github|Any CPU
		{F8A973F8-D0DB-4B59-B3F1-EE62A3984911}.Release|Any CPU.ActiveCfg = Release|Any CPU
		{F8A973F8-D0DB-4B59-B3F1-EE62A3984911}.Release|Any CPU.Build.0 = Release|Any CPU
		{F8A973F8-D0DB-4B59-B3F1-EE62A3984911}.Sandcastle|Any CPU.ActiveCfg = Sandcastle|Any CPU
		{F8A973F8-D0DB-4B59-B3F1-EE62A3984911}.Sandcastle|Any CPU.Build.0 = Sandcastle|Any CPU
		{F8A973F8-D0DB-4B59-B3F1-EE62A3984911}.Yaschema|Any CPU.ActiveCfg = Sandcastle|Any CPU
		{F8A973F8-D0DB-4B59-B3F1-EE62A3984911}.Yaschema|Any CPU.Build.0 = Sandcastle|Any CPU
		{78323E86-A5FF-49AC-861E-7DFF0C9077D1}.Debug|Any CPU.ActiveCfg = Debug|Any CPU
		{78323E86-A5FF-49AC-861E-7DFF0C9077D1}.Debug|Any CPU.Build.0 = Debug|Any CPU
		{78323E86-A5FF-49AC-861E-7DFF0C9077D1}.Github|Any CPU.ActiveCfg = Github|Any CPU
		{78323E86-A5FF-49AC-861E-7DFF0C9077D1}.Github|Any CPU.Build.0 = Github|Any CPU
		{78323E86-A5FF-49AC-861E-7DFF0C9077D1}.Release|Any CPU.ActiveCfg = Release|Any CPU
		{78323E86-A5FF-49AC-861E-7DFF0C9077D1}.Release|Any CPU.Build.0 = Release|Any CPU
		{78323E86-A5FF-49AC-861E-7DFF0C9077D1}.Sandcastle|Any CPU.ActiveCfg = Sandcastle|Any CPU
		{78323E86-A5FF-49AC-861E-7DFF0C9077D1}.Sandcastle|Any CPU.Build.0 = Sandcastle|Any CPU
		{78323E86-A5FF-49AC-861E-7DFF0C9077D1}.Yaschema|Any CPU.ActiveCfg = Sandcastle|Any CPU
		{78323E86-A5FF-49AC-861E-7DFF0C9077D1}.Yaschema|Any CPU.Build.0 = Sandcastle|Any CPU
		{8EA8F326-DEF0-4D5B-9C81-A0D82C1D41B9}.Debug|Any CPU.ActiveCfg = Debug|Any CPU
		{8EA8F326-DEF0-4D5B-9C81-A0D82C1D41B9}.Debug|Any CPU.Build.0 = Debug|Any CPU
		{8EA8F326-DEF0-4D5B-9C81-A0D82C1D41B9}.Github|Any CPU.ActiveCfg = Github|Any CPU
		{8EA8F326-DEF0-4D5B-9C81-A0D82C1D41B9}.Github|Any CPU.Build.0 = Github|Any CPU
		{8EA8F326-DEF0-4D5B-9C81-A0D82C1D41B9}.Release|Any CPU.ActiveCfg = Release|Any CPU
		{8EA8F326-DEF0-4D5B-9C81-A0D82C1D41B9}.Release|Any CPU.Build.0 = Release|Any CPU
		{8EA8F326-DEF0-4D5B-9C81-A0D82C1D41B9}.Sandcastle|Any CPU.ActiveCfg = Sandcastle|Any CPU
		{8EA8F326-DEF0-4D5B-9C81-A0D82C1D41B9}.Sandcastle|Any CPU.Build.0 = Sandcastle|Any CPU
		{8EA8F326-DEF0-4D5B-9C81-A0D82C1D41B9}.Yaschema|Any CPU.ActiveCfg = Sandcastle|Any CPU
		{8EA8F326-DEF0-4D5B-9C81-A0D82C1D41B9}.Yaschema|Any CPU.Build.0 = Sandcastle|Any CPU
		{B74600F6-6FE3-493D-85C8-378A990D1865}.Debug|Any CPU.ActiveCfg = Debug|Any CPU
		{B74600F6-6FE3-493D-85C8-378A990D1865}.Debug|Any CPU.Build.0 = Debug|Any CPU
		{B74600F6-6FE3-493D-85C8-378A990D1865}.Github|Any CPU.ActiveCfg = Github|Any CPU
		{B74600F6-6FE3-493D-85C8-378A990D1865}.Github|Any CPU.Build.0 = Github|Any CPU
		{B74600F6-6FE3-493D-85C8-378A990D1865}.Release|Any CPU.ActiveCfg = Release|Any CPU
		{B74600F6-6FE3-493D-85C8-378A990D1865}.Release|Any CPU.Build.0 = Release|Any CPU
		{B74600F6-6FE3-493D-85C8-378A990D1865}.Sandcastle|Any CPU.ActiveCfg = Sandcastle|Any CPU
		{B74600F6-6FE3-493D-85C8-378A990D1865}.Sandcastle|Any CPU.Build.0 = Sandcastle|Any CPU
		{B74600F6-6FE3-493D-85C8-378A990D1865}.Yaschema|Any CPU.ActiveCfg = Sandcastle|Any CPU
		{B74600F6-6FE3-493D-85C8-378A990D1865}.Yaschema|Any CPU.Build.0 = Sandcastle|Any CPU
		{10C72BE3-C0A9-42AF-826E-96ADAA5F3ED3}.Debug|Any CPU.ActiveCfg = Debug|Any CPU
		{10C72BE3-C0A9-42AF-826E-96ADAA5F3ED3}.Debug|Any CPU.Build.0 = Debug|Any CPU
		{10C72BE3-C0A9-42AF-826E-96ADAA5F3ED3}.Github|Any CPU.ActiveCfg = Github|Any CPU
		{10C72BE3-C0A9-42AF-826E-96ADAA5F3ED3}.Github|Any CPU.Build.0 = Github|Any CPU
		{10C72BE3-C0A9-42AF-826E-96ADAA5F3ED3}.Release|Any CPU.ActiveCfg = Release|Any CPU
		{10C72BE3-C0A9-42AF-826E-96ADAA5F3ED3}.Release|Any CPU.Build.0 = Release|Any CPU
		{10C72BE3-C0A9-42AF-826E-96ADAA5F3ED3}.Sandcastle|Any CPU.ActiveCfg = Sandcastle|Any CPU
		{10C72BE3-C0A9-42AF-826E-96ADAA5F3ED3}.Sandcastle|Any CPU.Build.0 = Sandcastle|Any CPU
		{10C72BE3-C0A9-42AF-826E-96ADAA5F3ED3}.Yaschema|Any CPU.ActiveCfg = Sandcastle|Any CPU
		{10C72BE3-C0A9-42AF-826E-96ADAA5F3ED3}.Yaschema|Any CPU.Build.0 = Sandcastle|Any CPU
		{651CA578-20DB-4E3A-905D-ADEACCE2233F}.Debug|Any CPU.ActiveCfg = Debug|Any CPU
		{651CA578-20DB-4E3A-905D-ADEACCE2233F}.Debug|Any CPU.Build.0 = Debug|Any CPU
		{651CA578-20DB-4E3A-905D-ADEACCE2233F}.Github|Any CPU.ActiveCfg = Github|Any CPU
		{651CA578-20DB-4E3A-905D-ADEACCE2233F}.Github|Any CPU.Build.0 = Github|Any CPU
		{651CA578-20DB-4E3A-905D-ADEACCE2233F}.Release|Any CPU.ActiveCfg = Release|Any CPU
		{651CA578-20DB-4E3A-905D-ADEACCE2233F}.Release|Any CPU.Build.0 = Release|Any CPU
		{651CA578-20DB-4E3A-905D-ADEACCE2233F}.Sandcastle|Any CPU.ActiveCfg = Sandcastle|Any CPU
		{651CA578-20DB-4E3A-905D-ADEACCE2233F}.Sandcastle|Any CPU.Build.0 = Sandcastle|Any CPU
		{651CA578-20DB-4E3A-905D-ADEACCE2233F}.Yaschema|Any CPU.ActiveCfg = Sandcastle|Any CPU
		{651CA578-20DB-4E3A-905D-ADEACCE2233F}.Yaschema|Any CPU.Build.0 = Sandcastle|Any CPU
		{9E9D38B0-C6E7-4615-8AAD-60A634F62F42}.Debug|Any CPU.ActiveCfg = Debug|Any CPU
		{9E9D38B0-C6E7-4615-8AAD-60A634F62F42}.Debug|Any CPU.Build.0 = Debug|Any CPU
		{9E9D38B0-C6E7-4615-8AAD-60A634F62F42}.Github|Any CPU.ActiveCfg = Github|Any CPU
		{9E9D38B0-C6E7-4615-8AAD-60A634F62F42}.Github|Any CPU.Build.0 = Github|Any CPU
		{9E9D38B0-C6E7-4615-8AAD-60A634F62F42}.Release|Any CPU.ActiveCfg = Release|Any CPU
		{9E9D38B0-C6E7-4615-8AAD-60A634F62F42}.Release|Any CPU.Build.0 = Release|Any CPU
		{9E9D38B0-C6E7-4615-8AAD-60A634F62F42}.Sandcastle|Any CPU.ActiveCfg = Sandcastle|Any CPU
		{9E9D38B0-C6E7-4615-8AAD-60A634F62F42}.Sandcastle|Any CPU.Build.0 = Sandcastle|Any CPU
		{9E9D38B0-C6E7-4615-8AAD-60A634F62F42}.Yaschema|Any CPU.ActiveCfg = Debug|Any CPU
		{9E9D38B0-C6E7-4615-8AAD-60A634F62F42}.Yaschema|Any CPU.Build.0 = Debug|Any CPU
		{DC698627-5D79-4227-B2E3-D4BFE63230EC}.Debug|Any CPU.ActiveCfg = Debug|Any CPU
		{DC698627-5D79-4227-B2E3-D4BFE63230EC}.Debug|Any CPU.Build.0 = Debug|Any CPU
		{DC698627-5D79-4227-B2E3-D4BFE63230EC}.Github|Any CPU.ActiveCfg = Github|Any CPU
		{DC698627-5D79-4227-B2E3-D4BFE63230EC}.Github|Any CPU.Build.0 = Github|Any CPU
		{DC698627-5D79-4227-B2E3-D4BFE63230EC}.Release|Any CPU.ActiveCfg = Release|Any CPU
		{DC698627-5D79-4227-B2E3-D4BFE63230EC}.Release|Any CPU.Build.0 = Release|Any CPU
		{DC698627-5D79-4227-B2E3-D4BFE63230EC}.Sandcastle|Any CPU.ActiveCfg = Sandcastle|Any CPU
		{DC698627-5D79-4227-B2E3-D4BFE63230EC}.Sandcastle|Any CPU.Build.0 = Sandcastle|Any CPU
		{DC698627-5D79-4227-B2E3-D4BFE63230EC}.Yaschema|Any CPU.ActiveCfg = Debug|Any CPU
		{DC698627-5D79-4227-B2E3-D4BFE63230EC}.Yaschema|Any CPU.Build.0 = Debug|Any CPU
		{B1476072-EF87-41A9-8F0D-FA0757A36DAC}.Debug|Any CPU.ActiveCfg = Debug|Any CPU
		{B1476072-EF87-41A9-8F0D-FA0757A36DAC}.Debug|Any CPU.Build.0 = Debug|Any CPU
		{B1476072-EF87-41A9-8F0D-FA0757A36DAC}.Github|Any CPU.ActiveCfg = Github|Any CPU
		{B1476072-EF87-41A9-8F0D-FA0757A36DAC}.Github|Any CPU.Build.0 = Github|Any CPU
		{B1476072-EF87-41A9-8F0D-FA0757A36DAC}.Release|Any CPU.ActiveCfg = Release|Any CPU
		{B1476072-EF87-41A9-8F0D-FA0757A36DAC}.Release|Any CPU.Build.0 = Release|Any CPU
		{B1476072-EF87-41A9-8F0D-FA0757A36DAC}.Sandcastle|Any CPU.ActiveCfg = Sandcastle|Any CPU
		{B1476072-EF87-41A9-8F0D-FA0757A36DAC}.Sandcastle|Any CPU.Build.0 = Sandcastle|Any CPU
		{B1476072-EF87-41A9-8F0D-FA0757A36DAC}.Yaschema|Any CPU.ActiveCfg = Debug|Any CPU
		{B1476072-EF87-41A9-8F0D-FA0757A36DAC}.Yaschema|Any CPU.Build.0 = Debug|Any CPU
		{F0868ECB-4A0B-46CB-8F55-99E4EE69657D}.Debug|Any CPU.ActiveCfg = Debug|Any CPU
		{F0868ECB-4A0B-46CB-8F55-99E4EE69657D}.Debug|Any CPU.Build.0 = Debug|Any CPU
		{F0868ECB-4A0B-46CB-8F55-99E4EE69657D}.Github|Any CPU.ActiveCfg = Debug|Any CPU
		{F0868ECB-4A0B-46CB-8F55-99E4EE69657D}.Github|Any CPU.Build.0 = Debug|Any CPU
		{F0868ECB-4A0B-46CB-8F55-99E4EE69657D}.Release|Any CPU.ActiveCfg = Release|Any CPU
		{F0868ECB-4A0B-46CB-8F55-99E4EE69657D}.Release|Any CPU.Build.0 = Release|Any CPU
		{F0868ECB-4A0B-46CB-8F55-99E4EE69657D}.Sandcastle|Any CPU.ActiveCfg = Debug|Any CPU
		{F0868ECB-4A0B-46CB-8F55-99E4EE69657D}.Sandcastle|Any CPU.Build.0 = Debug|Any CPU
		{F0868ECB-4A0B-46CB-8F55-99E4EE69657D}.Yaschema|Any CPU.ActiveCfg = Debug|Any CPU
		{F0868ECB-4A0B-46CB-8F55-99E4EE69657D}.Yaschema|Any CPU.Build.0 = Debug|Any CPU
		{A231D7DA-DB9A-4840-9DF1-1C3426605DB7}.Debug|Any CPU.ActiveCfg = Debug|Any CPU
		{A231D7DA-DB9A-4840-9DF1-1C3426605DB7}.Debug|Any CPU.Build.0 = Debug|Any CPU
		{A231D7DA-DB9A-4840-9DF1-1C3426605DB7}.Github|Any CPU.ActiveCfg = Github|Any CPU
		{A231D7DA-DB9A-4840-9DF1-1C3426605DB7}.Github|Any CPU.Build.0 = Github|Any CPU
		{A231D7DA-DB9A-4840-9DF1-1C3426605DB7}.Release|Any CPU.ActiveCfg = Release|Any CPU
		{A231D7DA-DB9A-4840-9DF1-1C3426605DB7}.Release|Any CPU.Build.0 = Release|Any CPU
		{A231D7DA-DB9A-4840-9DF1-1C3426605DB7}.Sandcastle|Any CPU.ActiveCfg = Sandcastle|Any CPU
		{A231D7DA-DB9A-4840-9DF1-1C3426605DB7}.Sandcastle|Any CPU.Build.0 = Sandcastle|Any CPU
		{A231D7DA-DB9A-4840-9DF1-1C3426605DB7}.Yaschema|Any CPU.ActiveCfg = Debug|Any CPU
		{A231D7DA-DB9A-4840-9DF1-1C3426605DB7}.Yaschema|Any CPU.Build.0 = Debug|Any CPU
		{329917E2-E47C-4E15-8169-3040852F1167}.Debug|Any CPU.ActiveCfg = Debug|Any CPU
		{329917E2-E47C-4E15-8169-3040852F1167}.Debug|Any CPU.Build.0 = Debug|Any CPU
		{329917E2-E47C-4E15-8169-3040852F1167}.Github|Any CPU.ActiveCfg = Github|Any CPU
		{329917E2-E47C-4E15-8169-3040852F1167}.Github|Any CPU.Build.0 = Github|Any CPU
		{329917E2-E47C-4E15-8169-3040852F1167}.Release|Any CPU.ActiveCfg = Release|Any CPU
		{329917E2-E47C-4E15-8169-3040852F1167}.Release|Any CPU.Build.0 = Release|Any CPU
		{329917E2-E47C-4E15-8169-3040852F1167}.Sandcastle|Any CPU.ActiveCfg = Sandcastle|Any CPU
		{329917E2-E47C-4E15-8169-3040852F1167}.Sandcastle|Any CPU.Build.0 = Sandcastle|Any CPU
		{329917E2-E47C-4E15-8169-3040852F1167}.Yaschema|Any CPU.ActiveCfg = Debug|Any CPU
		{329917E2-E47C-4E15-8169-3040852F1167}.Yaschema|Any CPU.Build.0 = Debug|Any CPU
		{74466D30-0264-4EC3-9120-D1A5926C539D}.Debug|Any CPU.ActiveCfg = Debug|Any CPU
		{74466D30-0264-4EC3-9120-D1A5926C539D}.Debug|Any CPU.Build.0 = Debug|Any CPU
		{74466D30-0264-4EC3-9120-D1A5926C539D}.Github|Any CPU.ActiveCfg = Github|Any CPU
		{74466D30-0264-4EC3-9120-D1A5926C539D}.Github|Any CPU.Build.0 = Github|Any CPU
		{74466D30-0264-4EC3-9120-D1A5926C539D}.Release|Any CPU.ActiveCfg = Release|Any CPU
		{74466D30-0264-4EC3-9120-D1A5926C539D}.Release|Any CPU.Build.0 = Release|Any CPU
		{74466D30-0264-4EC3-9120-D1A5926C539D}.Sandcastle|Any CPU.ActiveCfg = Sandcastle|Any CPU
		{74466D30-0264-4EC3-9120-D1A5926C539D}.Sandcastle|Any CPU.Build.0 = Sandcastle|Any CPU
		{74466D30-0264-4EC3-9120-D1A5926C539D}.Yaschema|Any CPU.ActiveCfg = Debug|Any CPU
		{74466D30-0264-4EC3-9120-D1A5926C539D}.Yaschema|Any CPU.Build.0 = Debug|Any CPU
		{28E25F95-F503-4FEF-8738-C37BA2E1BE31}.Debug|Any CPU.ActiveCfg = Debug|Any CPU
		{28E25F95-F503-4FEF-8738-C37BA2E1BE31}.Debug|Any CPU.Build.0 = Debug|Any CPU
		{28E25F95-F503-4FEF-8738-C37BA2E1BE31}.Github|Any CPU.ActiveCfg = Github|Any CPU
		{28E25F95-F503-4FEF-8738-C37BA2E1BE31}.Github|Any CPU.Build.0 = Github|Any CPU
		{28E25F95-F503-4FEF-8738-C37BA2E1BE31}.Release|Any CPU.ActiveCfg = Release|Any CPU
		{28E25F95-F503-4FEF-8738-C37BA2E1BE31}.Release|Any CPU.Build.0 = Release|Any CPU
		{28E25F95-F503-4FEF-8738-C37BA2E1BE31}.Sandcastle|Any CPU.ActiveCfg = Sandcastle|Any CPU
		{28E25F95-F503-4FEF-8738-C37BA2E1BE31}.Sandcastle|Any CPU.Build.0 = Sandcastle|Any CPU
		{28E25F95-F503-4FEF-8738-C37BA2E1BE31}.Yaschema|Any CPU.ActiveCfg = Debug|Any CPU
		{28E25F95-F503-4FEF-8738-C37BA2E1BE31}.Yaschema|Any CPU.Build.0 = Debug|Any CPU
		{F7AB41CE-BAA3-4115-8F6B-5C67A55F5F6B}.Debug|Any CPU.ActiveCfg = Debug|Any CPU
		{F7AB41CE-BAA3-4115-8F6B-5C67A55F5F6B}.Debug|Any CPU.Build.0 = Debug|Any CPU
		{F7AB41CE-BAA3-4115-8F6B-5C67A55F5F6B}.Github|Any CPU.ActiveCfg = Github|Any CPU
		{F7AB41CE-BAA3-4115-8F6B-5C67A55F5F6B}.Github|Any CPU.Build.0 = Github|Any CPU
		{F7AB41CE-BAA3-4115-8F6B-5C67A55F5F6B}.Release|Any CPU.ActiveCfg = Release|Any CPU
		{F7AB41CE-BAA3-4115-8F6B-5C67A55F5F6B}.Release|Any CPU.Build.0 = Release|Any CPU
		{F7AB41CE-BAA3-4115-8F6B-5C67A55F5F6B}.Sandcastle|Any CPU.ActiveCfg = Sandcastle|Any CPU
		{F7AB41CE-BAA3-4115-8F6B-5C67A55F5F6B}.Sandcastle|Any CPU.Build.0 = Sandcastle|Any CPU
		{F7AB41CE-BAA3-4115-8F6B-5C67A55F5F6B}.Yaschema|Any CPU.ActiveCfg = Debug|Any CPU
		{F7AB41CE-BAA3-4115-8F6B-5C67A55F5F6B}.Yaschema|Any CPU.Build.0 = Debug|Any CPU
		{D35695B3-5BC7-4A80-83F4-912D132575D9}.Debug|Any CPU.ActiveCfg = Debug|Any CPU
		{D35695B3-5BC7-4A80-83F4-912D132575D9}.Debug|Any CPU.Build.0 = Debug|Any CPU
		{D35695B3-5BC7-4A80-83F4-912D132575D9}.Github|Any CPU.ActiveCfg = Debug|Any CPU
		{D35695B3-5BC7-4A80-83F4-912D132575D9}.Github|Any CPU.Build.0 = Debug|Any CPU
		{D35695B3-5BC7-4A80-83F4-912D132575D9}.Release|Any CPU.ActiveCfg = Release|Any CPU
		{D35695B3-5BC7-4A80-83F4-912D132575D9}.Release|Any CPU.Build.0 = Release|Any CPU
		{D35695B3-5BC7-4A80-83F4-912D132575D9}.Sandcastle|Any CPU.ActiveCfg = Debug|Any CPU
		{D35695B3-5BC7-4A80-83F4-912D132575D9}.Sandcastle|Any CPU.Build.0 = Debug|Any CPU
		{D35695B3-5BC7-4A80-83F4-912D132575D9}.Yaschema|Any CPU.ActiveCfg = Debug|Any CPU
		{D35695B3-5BC7-4A80-83F4-912D132575D9}.Yaschema|Any CPU.Build.0 = Debug|Any CPU
	EndGlobalSection
	GlobalSection(SolutionProperties) = preSolution
		HideSolutionNode = FALSE
	EndGlobalSection
	GlobalSection(NestedProjects) = preSolution
		{CC56989C-D300-4934-B907-FD60552DD303} = {F19A3147-E61E-4BAC-AC0D-50A873F80D3B}
		{06B46BD4-CD7F-4A5F-8515-7326DA52A2F2} = {B51AAC98-F919-4215-BA83-4FFFE5CF4919}
		{7DA2D363-5B08-4669-87B4-FB7DECF342FD} = {B51AAC98-F919-4215-BA83-4FFFE5CF4919}
		{AAE6922A-512C-4E29-9209-9A1C5916E7E2} = {B51AAC98-F919-4215-BA83-4FFFE5CF4919}
		{0A9B990C-A9DD-469F-A7AF-8CED16C3018C} = {B51AAC98-F919-4215-BA83-4FFFE5CF4919}
		{1EF3725A-6751-41F9-93FD-93136659AABE} = {B51AAC98-F919-4215-BA83-4FFFE5CF4919}
		{4D8889A3-9434-4AE8-ACB2-2F1A9E6AE22D} = {B51AAC98-F919-4215-BA83-4FFFE5CF4919}
		{E32557EC-00EF-404F-8AFC-39EB6E655373} = {B51AAC98-F919-4215-BA83-4FFFE5CF4919}
		{3728ECCC-5EBD-4846-92BC-79E4E090AB19} = {B51AAC98-F919-4215-BA83-4FFFE5CF4919}
		{97BB9322-E64E-4AB3-A85C-639DA6AA4699} = {E42F446F-1A2A-4CA3-BBF2-D0F872D2EAE5}
		{84F0ACFD-0583-472C-8CDD-A0379098A691} = {E42F446F-1A2A-4CA3-BBF2-D0F872D2EAE5}
		{5FAC661A-9D58-4A80-8D4E-8CB49FFA9826} = {E42F446F-1A2A-4CA3-BBF2-D0F872D2EAE5}
		{48D2EF72-A85C-41CE-B7D3-6E0B38066F5F} = {E42F446F-1A2A-4CA3-BBF2-D0F872D2EAE5}
		{8E86A772-4A4F-4E65-9FBE-5897C94CAB3E} = {E42F446F-1A2A-4CA3-BBF2-D0F872D2EAE5}
		{40AB7542-A3E8-4FBA-9BEC-ADF85656479E} = {D5F855FD-4AAB-404D-ACBF-F178F0CECE6A}
		{0C85CA73-36DD-45BB-8D25-944AC58D87EB} = {D5F855FD-4AAB-404D-ACBF-F178F0CECE6A}
		{461287F1-854B-4C72-B929-B428B74D1519} = {D5F855FD-4AAB-404D-ACBF-F178F0CECE6A}
		{038BFFAD-A6B5-45BC-B7CE-74E5352C15A6} = {D5F855FD-4AAB-404D-ACBF-F178F0CECE6A}
		{41A478CE-A838-4A87-8F2F-51DD9E6A8C8B} = {E42F446F-1A2A-4CA3-BBF2-D0F872D2EAE5}
		{400117F2-609A-43E4-A541-CFBD4839671E} = {E42F446F-1A2A-4CA3-BBF2-D0F872D2EAE5}
		{6C37D921-6321-4CC9-BEC1-DFD2488A225C} = {E42F446F-1A2A-4CA3-BBF2-D0F872D2EAE5}
		{31AB7198-BE2E-4460-84B8-9EAAE6117BE5} = {E42F446F-1A2A-4CA3-BBF2-D0F872D2EAE5}
		{C2A530DF-D351-4DD2-8BE0-5C484E9BBAA1} = {E42F446F-1A2A-4CA3-BBF2-D0F872D2EAE5}
		{F8A973F8-D0DB-4B59-B3F1-EE62A3984911} = {E42F446F-1A2A-4CA3-BBF2-D0F872D2EAE5}
		{78323E86-A5FF-49AC-861E-7DFF0C9077D1} = {E42F446F-1A2A-4CA3-BBF2-D0F872D2EAE5}
		{8EA8F326-DEF0-4D5B-9C81-A0D82C1D41B9} = {E42F446F-1A2A-4CA3-BBF2-D0F872D2EAE5}
		{B74600F6-6FE3-493D-85C8-378A990D1865} = {E42F446F-1A2A-4CA3-BBF2-D0F872D2EAE5}
		{10C72BE3-C0A9-42AF-826E-96ADAA5F3ED3} = {E42F446F-1A2A-4CA3-BBF2-D0F872D2EAE5}
		{651CA578-20DB-4E3A-905D-ADEACCE2233F} = {E42F446F-1A2A-4CA3-BBF2-D0F872D2EAE5}
		{9E9D38B0-C6E7-4615-8AAD-60A634F62F42} = {E42F446F-1A2A-4CA3-BBF2-D0F872D2EAE5}
		{DC698627-5D79-4227-B2E3-D4BFE63230EC} = {E42F446F-1A2A-4CA3-BBF2-D0F872D2EAE5}
		{B1476072-EF87-41A9-8F0D-FA0757A36DAC} = {E42F446F-1A2A-4CA3-BBF2-D0F872D2EAE5}
		{F0868ECB-4A0B-46CB-8F55-99E4EE69657D} = {E5FFD011-58C2-4346-9CCE-60C43398231D}
		{A231D7DA-DB9A-4840-9DF1-1C3426605DB7} = {E5FFD011-58C2-4346-9CCE-60C43398231D}
		{329917E2-E47C-4E15-8169-3040852F1167} = {F19A3147-E61E-4BAC-AC0D-50A873F80D3B}
		{74466D30-0264-4EC3-9120-D1A5926C539D} = {E42F446F-1A2A-4CA3-BBF2-D0F872D2EAE5}
		{9B3543F1-F525-44F6-BA85-B7BEB78E9B00} = {14EE114C-5413-4611-B4E5-9B408A392A6F}
		{28E25F95-F503-4FEF-8738-C37BA2E1BE31} = {E42F446F-1A2A-4CA3-BBF2-D0F872D2EAE5}
		{F7AB41CE-BAA3-4115-8F6B-5C67A55F5F6B} = {E5FFD011-58C2-4346-9CCE-60C43398231D}
		{D35695B3-5BC7-4A80-83F4-912D132575D9} = {E42F446F-1A2A-4CA3-BBF2-D0F872D2EAE5}
	EndGlobalSection
	GlobalSection(ExtensibilityGlobals) = postSolution
		SolutionGuid = {58A69F60-0C27-4168-B66B-C2B910D8A295}
	EndGlobalSection
EndGlobal
